
Microsoft Visual Studio Solution File, Format Version 12.00
# Visual Studio Version 17
VisualStudioVersion = 17.7.34221.43
MinimumVisualStudioVersion = 10.0.40219.1
Project("{FAE04EC0-301F-11D3-BF4B-00C04F79EFBC}") = "Subtraction", "Subtraction\Subtraction.csproj", "{4B5FB1EB-5BA0-43DA-B20A-072652574665}"
EndProject
Project("{FAE04EC0-301F-11D3-BF4B-00C04F79EFBC}") = "SubtractionTests", "SubtractionTests\SubtractionTests.csproj", "{AD0CDB97-F629-4D53-8F42-FDD9B6ACB1BF}"
EndProject
Global
	GlobalSection(SolutionConfigurationPlatforms) = preSolution
		Debug|Any CPU = Debug|Any CPU
		Release|Any CPU = Release|Any CPU
	EndGlobalSection
	GlobalSection(ProjectConfigurationPlatforms) = postSolution
		{4B5FB1EB-5BA0-43DA-B20A-072652574665}.Debug|Any CPU.ActiveCfg = Debug|Any CPU
		{4B5FB1EB-5BA0-43DA-B20A-072652574665}.Debug|Any CPU.Build.0 = Debug|Any CPU
		{4B5FB1EB-5BA0-43DA-B20A-072652574665}.Release|Any CPU.ActiveCfg = Release|Any CPU
		{4B5FB1EB-5BA0-43DA-B20A-072652574665}.Release|Any CPU.Build.0 = Release|Any CPU
		{AD0CDB97-F629-4D53-8F42-FDD9B6ACB1BF}.Debug|Any CPU.ActiveCfg = Debug|Any CPU
		{AD0CDB97-F629-4D53-8F42-FDD9B6ACB1BF}.Debug|Any CPU.Build.0 = Debug|Any CPU
		{AD0CDB97-F629-4D53-8F42-FDD9B6ACB1BF}.Release|Any CPU.ActiveCfg = Release|Any CPU
		{AD0CDB97-F629-4D53-8F42-FDD9B6ACB1BF}.Release|Any CPU.Build.0 = Release|Any CPU
	EndGlobalSection
	GlobalSection(SolutionProperties) = preSolution
		HideSolutionNode = FALSE
	EndGlobalSection
	GlobalSection(ExtensibilityGlobals) = postSolution
		SolutionGuid = {8371E48D-E923-472A-91AB-0B5C7DFC11CD}
	EndGlobalSection
EndGlobal
